
Microsoft Visual Studio Solution File, Format Version 12.00
# Visual Studio Version 16
VisualStudioVersion = 16.0.29009.5
MinimumVisualStudioVersion = 10.0.40219.1
Project("{FAE04EC0-301F-11D3-BF4B-00C04F79EFBC}") = "test", "test\test.csproj", "{B3730178-95CD-4C89-ACAA-D84E628CBF71}"
EndProject
Global
	GlobalSection(SolutionConfigurationPlatforms) = preSolution
		Debug|Any CPU = Debug|Any CPU
		Release|Any CPU = Release|Any CPU
	EndGlobalSection
	GlobalSection(ProjectConfigurationPlatforms) = postSolution
		{B3730178-95CD-4C89-ACAA-D84E628CBF71}.Debug|Any CPU.ActiveCfg = Debug|Any CPU
		{B3730178-95CD-4C89-ACAA-D84E628CBF71}.Debug|Any CPU.Build.0 = Debug|Any CPU
		{B3730178-95CD-4C89-ACAA-D84E628CBF71}.Release|Any CPU.ActiveCfg = Release|Any CPU
		{B3730178-95CD-4C89-ACAA-D84E628CBF71}.Release|Any CPU.Build.0 = Release|Any CPU
	EndGlobalSection
	GlobalSection(SolutionProperties) = preSolution
		HideSolutionNode = FALSE
	EndGlobalSection
	GlobalSection(ExtensibilityGlobals) = postSolution
		SolutionGuid = {82E55B2A-0DCB-4811-860A-F30EE37E63D9}
	EndGlobalSection
EndGlobal
